
Microsoft Visual Studio Solution File, Format Version 12.00
# Visual Studio Version 17
VisualStudioVersion = 17.5.33530.505
MinimumVisualStudioVersion = 10.0.40219.1
Project("{9A19103F-16F7-4668-BE54-9A1E7A4F7556}") = "AngelSQLServer", "AngelSQLServer\AngelSQLServer.csproj", "{0C6A5B77-A507-411E-BE8F-F835C19E9AC4}"
EndProject
Project("{9A19103F-16F7-4668-BE54-9A1E7A4F7556}") = "DB", "DB\DB.csproj", "{69C38C65-9F3A-49AE-A631-EA5516C05671}"
EndProject
Global
	GlobalSection(SolutionConfigurationPlatforms) = preSolution
		Debug|Any CPU = Debug|Any CPU
		Release|Any CPU = Release|Any CPU
	EndGlobalSection
	GlobalSection(ProjectConfigurationPlatforms) = postSolution
		{0C6A5B77-A507-411E-BE8F-F835C19E9AC4}.Debug|Any CPU.ActiveCfg = Debug|Any CPU
		{0C6A5B77-A507-411E-BE8F-F835C19E9AC4}.Debug|Any CPU.Build.0 = Debug|Any CPU
		{0C6A5B77-A507-411E-BE8F-F835C19E9AC4}.Release|Any CPU.ActiveCfg = Release|Any CPU
		{0C6A5B77-A507-411E-BE8F-F835C19E9AC4}.Release|Any CPU.Build.0 = Release|Any CPU
		{69C38C65-9F3A-49AE-A631-EA5516C05671}.Debug|Any CPU.ActiveCfg = Debug|Any CPU
		{69C38C65-9F3A-49AE-A631-EA5516C05671}.Debug|Any CPU.Build.0 = Debug|Any CPU
		{69C38C65-9F3A-49AE-A631-EA5516C05671}.Release|Any CPU.ActiveCfg = Release|Any CPU
		{69C38C65-9F3A-49AE-A631-EA5516C05671}.Release|Any CPU.Build.0 = Release|Any CPU
	EndGlobalSection
	GlobalSection(SolutionProperties) = preSolution
		HideSolutionNode = FALSE
	EndGlobalSection
	GlobalSection(ExtensibilityGlobals) = postSolution
		SolutionGuid = {4E063861-302F-4C1C-9768-C9A00391E603}
	EndGlobalSection
EndGlobal
